
Microsoft Visual Studio Solution File, Format Version 12.00
# Visual Studio 15
VisualStudioVersion = 15.0.27703.2042
MinimumVisualStudioVersion = 10.0.40219.1
Project("{FAE04EC0-301F-11D3-BF4B-00C04F79EFBC}") = "YouTubeGraph", "YouTubeGraph\YouTubeGraph.csproj", "{5E3E36E9-C619-4E56-96BF-68676B3FA1B8}"
EndProject
Project("{FAE04EC0-301F-11D3-BF4B-00C04F79EFBC}") = "Test", "Test\Test.csproj", "{7582C2F2-EEB3-4711-BB0B-59E31C3F8C6D}"
EndProject
Project("{FAE04EC0-301F-11D3-BF4B-00C04F79EFBC}") = "YouTubeLibrary", "YouTubeGraph\YouTubeLibrary\YouTubeLibrary.csproj", "{315E02D2-D3D0-4663-A840-C8D88070D51F}"
EndProject
Global
	GlobalSection(SolutionConfigurationPlatforms) = preSolution
		Debug|Any CPU = Debug|Any CPU
		Release|Any CPU = Release|Any CPU
	EndGlobalSection
	GlobalSection(ProjectConfigurationPlatforms) = postSolution
		{5E3E36E9-C619-4E56-96BF-68676B3FA1B8}.Debug|Any CPU.ActiveCfg = Debug|Any CPU
		{5E3E36E9-C619-4E56-96BF-68676B3FA1B8}.Debug|Any CPU.Build.0 = Debug|Any CPU
		{5E3E36E9-C619-4E56-96BF-68676B3FA1B8}.Release|Any CPU.ActiveCfg = Release|Any CPU
		{5E3E36E9-C619-4E56-96BF-68676B3FA1B8}.Release|Any CPU.Build.0 = Release|Any CPU
		{7582C2F2-EEB3-4711-BB0B-59E31C3F8C6D}.Debug|Any CPU.ActiveCfg = Debug|Any CPU
		{7582C2F2-EEB3-4711-BB0B-59E31C3F8C6D}.Debug|Any CPU.Build.0 = Debug|Any CPU
		{7582C2F2-EEB3-4711-BB0B-59E31C3F8C6D}.Release|Any CPU.ActiveCfg = Release|Any CPU
		{7582C2F2-EEB3-4711-BB0B-59E31C3F8C6D}.Release|Any CPU.Build.0 = Release|Any CPU
		{315E02D2-D3D0-4663-A840-C8D88070D51F}.Debug|Any CPU.ActiveCfg = Debug|Any CPU
		{315E02D2-D3D0-4663-A840-C8D88070D51F}.Debug|Any CPU.Build.0 = Debug|Any CPU
		{315E02D2-D3D0-4663-A840-C8D88070D51F}.Release|Any CPU.ActiveCfg = Release|Any CPU
		{315E02D2-D3D0-4663-A840-C8D88070D51F}.Release|Any CPU.Build.0 = Release|Any CPU
	EndGlobalSection
	GlobalSection(SolutionProperties) = preSolution
		HideSolutionNode = FALSE
	EndGlobalSection
	GlobalSection(ExtensibilityGlobals) = postSolution
		SolutionGuid = {866BA4F6-0522-4F5E-9C85-6D14670CDF12}
	EndGlobalSection
EndGlobal
